
Microsoft Visual Studio Solution File, Format Version 12.00
# Visual Studio Version 16
VisualStudioVersion = 16.0.29806.167
MinimumVisualStudioVersion = 10.0.40219.1
Project("{FAE04EC0-301F-11D3-BF4B-00C04F79EFBC}") = "Lab03_1", "Lab03_1\Lab03_1.csproj", "{0779D6D4-EDFB-48FA-9E2C-44EE35A9C324}"
EndProject
Global
	GlobalSection(SolutionConfigurationPlatforms) = preSolution
		Debug|Any CPU = Debug|Any CPU
		Release|Any CPU = Release|Any CPU
	EndGlobalSection
	GlobalSection(ProjectConfigurationPlatforms) = postSolution
		{0779D6D4-EDFB-48FA-9E2C-44EE35A9C324}.Debug|Any CPU.ActiveCfg = Debug|Any CPU
		{0779D6D4-EDFB-48FA-9E2C-44EE35A9C324}.Debug|Any CPU.Build.0 = Debug|Any CPU
		{0779D6D4-EDFB-48FA-9E2C-44EE35A9C324}.Release|Any CPU.ActiveCfg = Release|Any CPU
		{0779D6D4-EDFB-48FA-9E2C-44EE35A9C324}.Release|Any CPU.Build.0 = Release|Any CPU
	EndGlobalSection
	GlobalSection(SolutionProperties) = preSolution
		HideSolutionNode = FALSE
	EndGlobalSection
	GlobalSection(ExtensibilityGlobals) = postSolution
		SolutionGuid = {3460F630-5693-4F6A-9FAA-5CFC8DD649ED}
	EndGlobalSection
EndGlobal
